// !$*UTF8*$!
{
	archiveVersion = 1;
	classes = {
	};
	objectVersion = 46;
	objects = {

/* Begin PBXBuildFile section */
		2475D1EA1D2D022800C7104A /* main.m in Sources */ = {isa = PBXBuildFile; fileRef = 2475D1E91D2D022800C7104A /* main.m */; };
		2475D1ED1D2D022800C7104A /* AppDelegate.m in Sources */ = {isa = PBXBuildFile; fileRef = 2475D1EC1D2D022800C7104A /* AppDelegate.m */; };
		2475D1F01D2D022800C7104A /* ViewController.m in Sources */ = {isa = PBXBuildFile; fileRef = 2475D1EF1D2D022800C7104A /* ViewController.m */; };
		2475D1F31D2D022800C7104A /* Main.storyboard in Resources */ = {isa = PBXBuildFile; fileRef = 2475D1F11D2D022800C7104A /* Main.storyboard */; };
		2475D1F51D2D022800C7104A /* Assets.xcassets in Resources */ = {isa = PBXBuildFile; fileRef = 2475D1F41D2D022800C7104A /* Assets.xcassets */; };
		2475D1F81D2D022800C7104A /* LaunchScreen.storyboard in Resources */ = {isa = PBXBuildFile; fileRef = 2475D1F61D2D022800C7104A /* LaunchScreen.storyboard */; };
		2475D2031D2D022800C7104A /* CodingTemplatesTests.m in Sources */ = {isa = PBXBuildFile; fileRef = 2475D2021D2D022800C7104A /* CodingTemplatesTests.m */; };
		2475D20E1D2D022800C7104A /* CodingTemplatesUITests.m in Sources */ = {isa = PBXBuildFile; fileRef = 2475D20D1D2D022800C7104A /* CodingTemplatesUITests.m */; };
		2475D21D1D2D026300C7104A /* ViewControllerTemplate.m in Sources */ = {isa = PBXBuildFile; fileRef = 2475D21C1D2D026300C7104A /* ViewControllerTemplate.m */; };
/* End PBXBuildFile section */

/* Begin PBXContainerItemProxy section */
		2475D1FF1D2D022800C7104A /* PBXContainerItemProxy */ = {
			isa = PBXContainerItemProxy;
			containerPortal = 2475D1DD1D2D022800C7104A /* Project object */;
			proxyType = 1;
			remoteGlobalIDString = 2475D1E41D2D022800C7104A;
			remoteInfo = CodingTemplates;
		};
		2475D20A1D2D022800C7104A /* PBXContainerItemProxy */ = {
			isa = PBXContainerItemProxy;
			containerPortal = 2475D1DD1D2D022800C7104A /* Project object */;
			proxyType = 1;
			remoteGlobalIDString = 2475D1E41D2D022800C7104A;
			remoteInfo = CodingTemplates;
		};
/* End PBXContainerItemProxy section */

/* Begin PBXFileReference section */
		2475D1E51D2D022800C7104A /* CodingTemplates.app */ = {isa = PBXFileReference; explicitFileType = wrapper.application; includeInIndex = 0; path = CodingTemplates.app; sourceTree = BUILT_PRODUCTS_DIR; };
		2475D1E91D2D022800C7104A /* main.m */ = {isa = PBXFileReference; lastKnownFileType = sourcecode.c.objc; path = main.m; sourceTree = "<group>"; };
		2475D1EB1D2D022800C7104A /* AppDelegate.h */ = {isa = PBXFileReference; lastKnownFileType = sourcecode.c.h; path = AppDelegate.h; sourceTree = "<group>"; };
		2475D1EC1D2D022800C7104A /* AppDelegate.m */ = {isa = PBXFileReference; lastKnownFileType = sourcecode.c.objc; path = AppDelegate.m; sourceTree = "<group>"; };
		2475D1EE1D2D022800C7104A /* ViewController.h */ = {isa = PBXFileReference; lastKnownFileType = sourcecode.c.h; path = ViewController.h; sourceTree = "<group>"; };
		2475D1EF1D2D022800C7104A /* ViewController.m */ = {isa = PBXFileReference; lastKnownFileType = sourcecode.c.objc; path = ViewController.m; sourceTree = "<group>"; };
		2475D1F21D2D022800C7104A /* Base */ = {isa = PBXFileReference; lastKnownFileType = file.storyboard; name = Base; path = Base.lproj/Main.storyboard; sourceTree = "<group>"; };
		2475D1F41D2D022800C7104A /* Assets.xcassets */ = {isa = PBXFileReference; lastKnownFileType = folder.assetcatalog; path = Assets.xcassets; sourceTree = "<group>"; };
		2475D1F71D2D022800C7104A /* Base */ = {isa = PBXFileReference; lastKnownFileType = file.storyboard; name = Base; path = Base.lproj/LaunchScreen.storyboard; sourceTree = "<group>"; };
		2475D1F91D2D022800C7104A /* Info.plist */ = {isa = PBXFileReference; lastKnownFileType = text.plist.xml; path = Info.plist; sourceTree = "<group>"; };
		2475D1FE1D2D022800C7104A /* CodingTemplatesTests.xctest */ = {isa = PBXFileReference; explicitFileType = wrapper.cfbundle; includeInIndex = 0; path = CodingTemplatesTests.xctest; sourceTree = BUILT_PRODUCTS_DIR; };
		2475D2021D2D022800C7104A /* CodingTemplatesTests.m */ = {isa = PBXFileReference; lastKnownFileType = sourcecode.c.objc; path = CodingTemplatesTests.m; sourceTree = "<group>"; };
		2475D2041D2D022800C7104A /* Info.plist */ = {isa = PBXFileReference; lastKnownFileType = text.plist.xml; path = Info.plist; sourceTree = "<group>"; };
		2475D2091D2D022800C7104A /* CodingTemplatesUITests.xctest */ = {isa = PBXFileReference; explicitFileType = wrapper.cfbundle; includeInIndex = 0; path = CodingTemplatesUITests.xctest; sourceTree = BUILT_PRODUCTS_DIR; };
		2475D20D1D2D022800C7104A /* CodingTemplatesUITests.m */ = {isa = PBXFileReference; lastKnownFileType = sourcecode.c.objc; path = CodingTemplatesUITests.m; sourceTree = "<group>"; };
		2475D20F1D2D022800C7104A /* Info.plist */ = {isa = PBXFileReference; lastKnownFileType = text.plist.xml; path = Info.plist; sourceTree = "<group>"; };
		2475D21B1D2D026300C7104A /* ViewControllerTemplate.h */ = {isa = PBXFileReference; fileEncoding = 4; lastKnownFileType = sourcecode.c.h; path = ViewControllerTemplate.h; sourceTree = "<group>"; };
		2475D21C1D2D026300C7104A /* ViewControllerTemplate.m */ = {isa = PBXFileReference; fileEncoding = 4; lastKnownFileType = sourcecode.c.objc; path = ViewControllerTemplate.m; sourceTree = "<group>"; };
/* End PBXFileReference section */

/* Begin PBXFrameworksBuildPhase section */
		2475D1E21D2D022800C7104A /* Frameworks */ = {
			isa = PBXFrameworksBuildPhase;
			buildActionMask = 2147483647;
			files = (
			);
			runOnlyForDeploymentPostprocessing = 0;
		};
		2475D1FB1D2D022800C7104A /* Frameworks */ = {
			isa = PBXFrameworksBuildPhase;
			buildActionMask = 2147483647;
			files = (
			);
			runOnlyForDeploymentPostprocessing = 0;
		};
		2475D2061D2D022800C7104A /* Frameworks */ = {
			isa = PBXFrameworksBuildPhase;
			buildActionMask = 2147483647;
			files = (
			);
			runOnlyForDeploymentPostprocessing = 0;
		};
/* End PBXFrameworksBuildPhase section */

/* Begin PBXGroup section */
		2475D1DC1D2D022800C7104A = {
			isa = PBXGroup;
			children = (
				2475D1E71D2D022800C7104A /* CodingTemplates */,
				2475D2011D2D022800C7104A /* CodingTemplatesTests */,
				2475D20C1D2D022800C7104A /* CodingTemplatesUITests */,
				2475D1E61D2D022800C7104A /* Products */,
			);
			sourceTree = "<group>";
		};
		2475D1E61D2D022800C7104A /* Products */ = {
			isa = PBXGroup;
			children = (
				2475D1E51D2D022800C7104A /* CodingTemplates.app */,
				2475D1FE1D2D022800C7104A /* CodingTemplatesTests.xctest */,
				2475D2091D2D022800C7104A /* CodingTemplatesUITests.xctest */,
			);
			name = Products;
			sourceTree = "<group>";
		};
		2475D1E71D2D022800C7104A /* CodingTemplates */ = {
			isa = PBXGroup;
			children = (
				2475D1EB1D2D022800C7104A /* AppDelegate.h */,
				2475D1EC1D2D022800C7104A /* AppDelegate.m */,
				2475D1EE1D2D022800C7104A /* ViewController.h */,
				2475D1EF1D2D022800C7104A /* ViewController.m */,
				2475D21B1D2D026300C7104A /* ViewControllerTemplate.h */,
				2475D21C1D2D026300C7104A /* ViewControllerTemplate.m */,
				2475D1F11D2D022800C7104A /* Main.storyboard */,
				2475D1F41D2D022800C7104A /* Assets.xcassets */,
				2475D1F61D2D022800C7104A /* LaunchScreen.storyboard */,
				2475D1F91D2D022800C7104A /* Info.plist */,
				2475D1E81D2D022800C7104A /* Supporting Files */,
			);
			path = CodingTemplates;
			sourceTree = "<group>";
		};
		2475D1E81D2D022800C7104A /* Supporting Files */ = {
			isa = PBXGroup;
			children = (
				2475D1E91D2D022800C7104A /* main.m */,
			);
			name = "Supporting Files";
			sourceTree = "<group>";
		};
		2475D2011D2D022800C7104A /* CodingTemplatesTests */ = {
			isa = PBXGroup;
			children = (
				2475D2021D2D022800C7104A /* CodingTemplatesTests.m */,
				2475D2041D2D022800C7104A /* Info.plist */,
			);
			path = CodingTemplatesTests;
			sourceTree = "<group>";
		};
		2475D20C1D2D022800C7104A /* CodingTemplatesUITests */ = {
			isa = PBXGroup;
			children = (
				2475D20D1D2D022800C7104A /* CodingTemplatesUITests.m */,
				2475D20F1D2D022800C7104A /* Info.plist */,
			);
			path = CodingTemplatesUITests;
			sourceTree = "<group>";
		};
/* End PBXGroup section */

/* Begin PBXNativeTarget section */
		2475D1E41D2D022800C7104A /* CodingTemplates */ = {
			isa = PBXNativeTarget;
			buildConfigurationList = 2475D2121D2D022800C7104A /* Build configuration list for PBXNativeTarget "CodingTemplates" */;
			buildPhases = (
				2475D1E11D2D022800C7104A /* Sources */,
				2475D1E21D2D022800C7104A /* Frameworks */,
				2475D1E31D2D022800C7104A /* Resources */,
			);
			buildRules = (
			);
			dependencies = (
			);
			name = CodingTemplates;
			productName = CodingTemplates;
			productReference = 2475D1E51D2D022800C7104A /* CodingTemplates.app */;
			productType = "com.apple.product-type.application";
		};
		2475D1FD1D2D022800C7104A /* CodingTemplatesTests */ = {
			isa = PBXNativeTarget;
			buildConfigurationList = 2475D2151D2D022800C7104A /* Build configuration list for PBXNativeTarget "CodingTemplatesTests" */;
			buildPhases = (
				2475D1FA1D2D022800C7104A /* Sources */,
				2475D1FB1D2D022800C7104A /* Frameworks */,
				2475D1FC1D2D022800C7104A /* Resources */,
			);
			buildRules = (
			);
			dependencies = (
				2475D2001D2D022800C7104A /* PBXTargetDependency */,
			);
			name = CodingTemplatesTests;
			productName = CodingTemplatesTests;
			productReference = 2475D1FE1D2D022800C7104A /* CodingTemplatesTests.xctest */;
			productType = "com.apple.product-type.bundle.unit-test";
		};
		2475D2081D2D022800C7104A /* CodingTemplatesUITests */ = {
			isa = PBXNativeTarget;
			buildConfigurationList = 2475D2181D2D022800C7104A /* Build configuration list for PBXNativeTarget "CodingTemplatesUITests" */;
			buildPhases = (
				2475D2051D2D022800C7104A /* Sources */,
				2475D2061D2D022800C7104A /* Frameworks */,
				2475D2071D2D022800C7104A /* Resources */,
			);
			buildRules = (
			);
			dependencies = (
				2475D20B1D2D022800C7104A /* PBXTargetDependency */,
			);
			name = CodingTemplatesUITests;
			productName = CodingTemplatesUITests;
			productReference = 2475D2091D2D022800C7104A /* CodingTemplatesUITests.xctest */;
			productType = "com.apple.product-type.bundle.ui-testing";
		};
/* End PBXNativeTarget section */

/* Begin PBXProject section */
		2475D1DD1D2D022800C7104A /* Project object */ = {
			isa = PBXProject;
			attributes = {
				LastUpgradeCheck = 0730;
				ORGANIZATIONNAME = tang;
				TargetAttributes = {
					2475D1E41D2D022800C7104A = {
						CreatedOnToolsVersion = 7.3.1;
					};
					2475D1FD1D2D022800C7104A = {
						CreatedOnToolsVersion = 7.3.1;
						TestTargetID = 2475D1E41D2D022800C7104A;
					};
					2475D2081D2D022800C7104A = {
						CreatedOnToolsVersion = 7.3.1;
						TestTargetID = 2475D1E41D2D022800C7104A;
					};
				};
			};
			buildConfigurationList = 2475D1E01D2D022800C7104A /* Build configuration list for PBXProject "CodingTemplates" */;
			compatibilityVersion = "Xcode 3.2";
			developmentRegion = English;
			hasScannedForEncodings = 0;
			knownRegions = (
				en,
				Base,
			);
			mainGroup = 2475D1DC1D2D022800C7104A;
			productRefGroup = 2475D1E61D2D022800C7104A /* Products */;
			projectDirPath = "";
			projectRoot = "";
			targets = (
				2475D1E41D2D022800C7104A /* CodingTemplates */,
				2475D1FD1D2D022800C7104A /* CodingTemplatesTests */,
				2475D2081D2D022800C7104A /* CodingTemplatesUITests */,
			);
		};
/* End PBXProject section */

/* Begin PBXResourcesBuildPhase section */
		2475D1E31D2D022800C7104A /* Resources */ = {
			isa = PBXResourcesBuildPhase;
			buildActionMask = 2147483647;
			files = (
				2475D1F81D2D022800C7104A /* LaunchScreen.storyboard in Resources */,
				2475D1F51D2D022800C7104A /* Assets.xcassets in Resources */,
				2475D1F31D2D022800C7104A /* Main.storyboard in Resources */,
			);
			runOnlyForDeploymentPostprocessing = 0;
		};
		2475D1FC1D2D022800C7104A /* Resources */ = {
			isa = PBXResourcesBuildPhase;
			buildActionMask = 2147483647;
			files = (
			);
			runOnlyForDeploymentPostprocessing = 0;
		};
		2475D2071D2D022800C7104A /* Resources */ = {
			isa = PBXResourcesBuildPhase;
			buildActionMask = 2147483647;
			files = (
			);
			runOnlyForDeploymentPostprocessing = 0;
		};
/* End PBXResourcesBuildPhase section */

/* Begin PBXSourcesBuildPhase section */
		2475D1E11D2D022800C7104A /* Sources */ = {
			isa = PBXSourcesBuildPhase;
			buildActionMask = 2147483647;
			files = (
				2475D1F01D2D022800C7104A /* ViewController.m in Sources */,
				2475D1ED1D2D022800C7104A /* AppDelegate.m in Sources */,
				2475D21D1D2D026300C7104A /* ViewControllerTemplate.m in Sources */,
				2475D1EA1D2D022800C7104A /* main.m in Sources */,
			);
			runOnlyForDeploymentPostprocessing = 0;
		};
		2475D1FA1D2D022800C7104A /* Sources */ = {
			isa = PBXSourcesBuildPhase;
			buildActionMask = 2147483647;
			files = (
				2475D2031D2D022800C7104A /* CodingTemplatesTests.m in Sources */,
			);
			runOnlyForDeploymentPostprocessing = 0;
		};
		2475D2051D2D022800C7104A /* Sources */ = {
			isa = PBXSourcesBuildPhase;
			buildActionMask = 2147483647;
			files = (
				2475D20E1D2D022800C7104A /* CodingTemplatesUITests.m in Sources */,
			);
			runOnlyForDeploymentPostprocessing = 0;
		};
/* End PBXSourcesBuildPhase section */

/* Begin PBXTargetDependency section */
		2475D2001D2D022800C7104A /* PBXTargetDependency */ = {
			isa = PBXTargetDependency;
			target = 2475D1E41D2D022800C7104A /* CodingTemplates */;
			targetProxy = 2475D1FF1D2D022800C7104A /* PBXContainerItemProxy */;
		};
		2475D20B1D2D022800C7104A /* PBXTargetDependency */ = {
			isa = PBXTargetDependency;
			target = 2475D1E41D2D022800C7104A /* CodingTemplates */;
			targetProxy = 2475D20A1D2D022800C7104A /* PBXContainerItemProxy */;
		};
/* End PBXTargetDependency section */

/* Begin PBXVariantGroup section */
		2475D1F11D2D022800C7104A /* Main.storyboard */ = {
			isa = PBXVariantGroup;
			children = (
				2475D1F21D2D022800C7104A /* Base */,
			);
			name = Main.storyboard;
			sourceTree = "<group>";
		};
		2475D1F61D2D022800C7104A /* LaunchScreen.storyboard */ = {
			isa = PBXVariantGroup;
			children = (
				2475D1F71D2D022800C7104A /* Base */,
			);
			name = LaunchScreen.storyboard;
			sourceTree = "<group>";
		};
/* End PBXVariantGroup section */

/* Begin XCBuildConfiguration section */
		2475D2101D2D022800C7104A /* Debug */ = {
			isa = XCBuildConfiguration;
			buildSettings = {
				ALWAYS_SEARCH_USER_PATHS = NO;
				CLANG_ANALYZER_NONNULL = YES;
				CLANG_CXX_LANGUAGE_STANDARD = "gnu++0x";
				CLANG_CXX_LIBRARY = "libc++";
				CLANG_ENABLE_MODULES = YES;
				CLANG_ENABLE_OBJC_ARC = YES;
				CLANG_WARN_BOOL_CONVERSION = YES;
				CLANG_WARN_CONSTANT_CONVERSION = YES;
				CLANG_WARN_DIRECT_OBJC_ISA_USAGE = YES_ERROR;
				CLANG_WARN_EMPTY_BODY = YES;
				CLANG_WARN_ENUM_CONVERSION = YES;
				CLANG_WARN_INT_CONVERSION = YES;
				CLANG_WARN_OBJC_ROOT_CLASS = YES_ERROR;
				CLANG_WARN_UNREACHABLE_CODE = YES;
				CLANG_WARN__DUPLICATE_METHOD_MATCH = YES;
				"CODE_SIGN_IDENTITY[sdk=iphoneos*]" = "iPhone Developer";
				COPY_PHASE_STRIP = NO;
				DEBUG_INFORMATION_FORMAT = dwarf;
				ENABLE_STRICT_OBJC_MSGSEND = YES;
				ENABLE_TESTABILITY = YES;
				GCC_C_LANGUAGE_STANDARD = gnu99;
				GCC_DYNAMIC_NO_PIC = NO;
				GCC_NO_COMMON_BLOCKS = YES;
				GCC_OPTIMIZATION_LEVEL = 0;
				GCC_PREPROCESSOR_DEFINITIONS = (
					"DEBUG=1",
					"$(inherited)",
				);
				GCC_WARN_64_TO_32_BIT_CONVERSION = YES;
				GCC_WARN_ABOUT_RETURN_TYPE = YES_ERROR;
				GCC_WARN_UNDECLARED_SELECTOR = YES;
				GCC_WARN_UNINITIALIZED_AUTOS = YES_AGGRESSIVE;
				GCC_WARN_UNUSED_FUNCTION = YES;
				GCC_WARN_UNUSED_VARIABLE = YES;
				IPHONEOS_DEPLOYMENT_TARGET = 9.3;
				MTL_ENABLE_DEBUG_INFO = YES;
				ONLY_ACTIVE_ARCH = YES;
				SDKROOT = iphoneos;
			};
			name = Debug;
		};
		2475D2111D2D022800C7104A /* Release */ = {
			isa = XCBuildConfiguration;
			buildSettings = {
				ALWAYS_SEARCH_USER_PATHS = NO;
				CLANG_ANALYZER_NONNULL = YES;
				CLANG_CXX_LANGUAGE_STANDARD = "gnu++0x";
				CLANG_CXX_LIBRARY = "libc++";
				CLANG_ENABLE_MODULES = YES;
				CLANG_ENABLE_OBJC_ARC = YES;
				CLANG_WARN_BOOL_CONVERSION = YES;
				CLANG_WARN_CONSTANT_CONVERSION = YES;
				CLANG_WARN_DIRECT_OBJC_ISA_USAGE = YES_ERROR;
				CLANG_WARN_EMPTY_BODY = YES;
				CLANG_WARN_ENUM_CONVERSION = YES;
				CLANG_WARN_INT_CONVERSION = YES;
				CLANG_WARN_OBJC_ROOT_CLASS = YES_ERROR;
				CLANG_WARN_UNREACHABLE_CODE = YES;
				CLANG_WARN__DUPLICATE_METHOD_MATCH = YES;
				"CODE_SIGN_IDENTITY[sdk=iphoneos*]" = "iPhone Developer";
				COPY_PHASE_STRIP = NO;
				DEBUG_INFORMATION_FORMAT = "dwarf-with-dsym";
				ENABLE_NS_ASSERTIONS = NO;
				ENABLE_STRICT_OBJC_MSGSEND = YES;
				GCC_C_LANGUAGE_STANDARD = gnu99;
				GCC_NO_COMMON_BLOCKS = YES;
				GCC_WARN_64_TO_32_BIT_CONVERSION = YES;
				GCC_WARN_ABOUT_RETURN_TYPE = YES_ERROR;
				GCC_WARN_UNDECLARED_SELECTOR = YES;
				GCC_WARN_UNINITIALIZED_AUTOS = YES_AGGRESSIVE;
				GCC_WARN_UNUSED_FUNCTION = YES;
				GCC_WARN_UNUSED_VARIABLE = YES;
				IPHONEOS_DEPLOYMENT_TARGET = 9.3;
				MTL_ENABLE_DEBUG_INFO = NO;
				SDKROOT = iphoneos;
				VALIDATE_PRODUCT = YES;
			};
			name = Release;
		};
		2475D2131D2D022800C7104A /* Debug */ = {
			isa = XCBuildConfiguration;
			buildSettings = {
				ASSETCATALOG_COMPILER_APPICON_NAME = AppIcon;
				INFOPLIST_FILE = CodingTemplates/Info.plist;
				LD_RUNPATH_SEARCH_PATHS = "$(inherited) @executable_path/Frameworks";
				PRODUCT_BUNDLE_IDENTIFIER = zhld.CodingTemplates;
				PRODUCT_NAME = "$(TARGET_NAME)";
			};
			name = Debug;
		};
		2475D2141D2D022800C7104A /* Release */ = {
			isa = XCBuildConfiguration;
			buildSettings = {
				ASSETCATALOG_COMPILER_APPICON_NAME = AppIcon;
				INFOPLIST_FILE = CodingTemplates/Info.plist;
				LD_RUNPATH_SEARCH_PATHS = "$(inherited) @executable_path/Frameworks";
				PRODUCT_BUNDLE_IDENTIFIER = zhld.CodingTemplates;
				PRODUCT_NAME = "$(TARGET_NAME)";
			};
			name = Release;
		};
		2475D2161D2D022800C7104A /* Debug */ = {
			isa = XCBuildConfiguration;
			buildSettings = {
				BUNDLE_LOADER = "$(TEST_HOST)";
				INFOPLIST_FILE = CodingTemplatesTests/Info.plist;
				LD_RUNPATH_SEARCH_PATHS = "$(inherited) @executable_path/Frameworks @loader_path/Frameworks";
				PRODUCT_BUNDLE_IDENTIFIER = zhld.CodingTemplatesTests;
				PRODUCT_NAME = "$(TARGET_NAME)";
				TEST_HOST = "$(BUILT_PRODUCTS_DIR)/CodingTemplates.app/CodingTemplates";
			};
			name = Debug;
		};
		2475D2171D2D022800C7104A /* Release */ = {
			isa = XCBuildConfiguration;
			buildSettings = {
				BUNDLE_LOADER = "$(TEST_HOST)";
				INFOPLIST_FILE = CodingTemplatesTests/Info.plist;
				LD_RUNPATH_SEARCH_PATHS = "$(inherited) @executable_path/Frameworks @loader_path/Frameworks";
				PRODUCT_BUNDLE_IDENTIFIER = zhld.CodingTemplatesTests;
				PRODUCT_NAME = "$(TARGET_NAME)";
				TEST_HOST = "$(BUILT_PRODUCTS_DIR)/CodingTemplates.app/CodingTemplates";
			};
			name = Release;
		};
		2475D2191D2D022800C7104A /* Debug */ = {
			isa = XCBuildConfiguration;
			buildSettings = {
				INFOPLIST_FILE = CodingTemplatesUITests/Info.plist;
				LD_RUNPATH_SEARCH_PATHS = "$(inherited) @executable_path/Frameworks @loader_path/Frameworks";
				PRODUCT_BUNDLE_IDENTIFIER = zhld.CodingTemplatesUITests;
				PRODUCT_NAME = "$(TARGET_NAME)";
				TEST_TARGET_NAME = CodingTemplates;
			};
			name = Debug;
		};
		2475D21A1D2D022800C7104A /* Release */ = {
			isa = XCBuildConfiguration;
			buildSettings = {
				INFOPLIST_FILE = CodingTemplatesUITests/Info.plist;
				LD_RUNPATH_SEARCH_PATHS = "$(inherited) @executable_path/Frameworks @loader_path/Frameworks";
				PRODUCT_BUNDLE_IDENTIFIER = zhld.CodingTemplatesUITests;
				PRODUCT_NAME = "$(TARGET_NAME)";
				TEST_TARGET_NAME = CodingTemplates;
			};
			name = Release;
		};
/* End XCBuildConfiguration section */

/* Begin XCConfigurationList section */
		2475D1E01D2D022800C7104A /* Build configuration list for PBXProject "CodingTemplates" */ = {
			isa = XCConfigurationList;
			buildConfigurations = (
				2475D2101D2D022800C7104A /* Debug */,
				2475D2111D2D022800C7104A /* Release */,
			);
			defaultConfigurationIsVisible = 0;
			defaultConfigurationName = Release;
		};
		2475D2121D2D022800C7104A /* Build configuration list for PBXNativeTarget "CodingTemplates" */ = {
			isa = XCConfigurationList;
			buildConfigurations = (
				2475D2131D2D022800C7104A /* Debug */,
				2475D2141D2D022800C7104A /* Release */,
			);
			defaultConfigurationIsVisible = 0;
		};
		2475D2151D2D022800C7104A /* Build configuration list for PBXNativeTarget "CodingTemplatesTests" */ = {
			isa = XCConfigurationList;
			buildConfigurations = (
				2475D2161D2D022800C7104A /* Debug */,
				2475D2171D2D022800C7104A /* Release */,
			);
			defaultConfigurationIsVisible = 0;
		};
		2475D2181D2D022800C7104A /* Build configuration list for PBXNativeTarget "CodingTemplatesUITests" */ = {
			isa = XCConfigurationList;
			buildConfigurations = (
				2475D2191D2D022800C7104A /* Debug */,
				2475D21A1D2D022800C7104A /* Release */,
			);
			defaultConfigurationIsVisible = 0;
		};
/* End XCConfigurationList section */
	};
	rootObject = 2475D1DD1D2D022800C7104A /* Project object */;
}
